# THIS IS AN AUTOGENERATED FILE. DO NOT EDIT THIS FILE DIRECTLY.
# yarn lockfile v1


"@formatjs/ecma402-abstract@^1.2.6":
  version "1.2.6"
  resolved "https://registry.yarnpkg.com/@formatjs/ecma402-abstract/-/ecma402-abstract-1.2.6.tgz#8929525dcb49af31f348fcb4789263743872b57f"
  integrity sha512-5/wUWuOFEaZeHhDvc+xgkFZxjYcij9/CjyUHngTfWhx+NwYqo8/xusVYv9SnTYDHAahek3OSCP93tzcv4M+7Xw==
  dependencies:
    tslib "^2.0.1"

"@formatjs/intl-numberformat@^5.0.0":
  version "5.7.0"
  resolved "https://registry.yarnpkg.com/@formatjs/intl-numberformat/-/intl-numberformat-5.7.0.tgz#0d3f5e408021e7dfc18b504d62f1ce1350cdd36c"
  integrity sha512-cJ4nuzsDbve8fIF1C/o5dqlxsi0FX8h1wDKpnOoa2jth2CnxrzDYkjzz1c5/OHvMEDUOifmsJICxpo78CY1idg==
  dependencies:
    "@formatjs/ecma402-abstract" "^1.2.6"
    tslib "^2.0.1"

tslib@^2.0.1:
  version "2.0.3"
  resolved "https://registry.yarnpkg.com/tslib/-/tslib-2.0.3.tgz#8e0741ac45fc0c226e58a17bfc3e64b9bc6ca61c"
  integrity sha512-uZtkfKblCEQtZKBF6EBXVZeQNl82yqtDQdv+eck8u7tdPxjLu2/lp5/uPW+um2tpuxINHWy3GhiccY7QgEaVHQ==
