# THIS IS AN AUTOGENERATED FILE. DO NOT EDIT THIS FILE DIRECTLY.
# yarn lockfile v1


"@formatjs/ecma402-abstract@^1.2.6":
  version "1.2.6"
  resolved "https://registry.yarnpkg.com/@formatjs/ecma402-abstract/-/ecma402-abstract-1.2.6.tgz#8929525dcb49af31f348fcb4789263743872b57f"
  integrity sha512-5/wUWuOFEaZeHhDvc+xgkFZxjYcij9/CjyUHngTfWhx+NwYqo8/xusVYv9SnTYDHAahek3OSCP93tzcv4M+7Xw==
  dependencies:
    tslib "^2.0.1"

"@formatjs/intl-datetimeformat@^2.0.0":
  version "2.7.0"
  resolved "https://registry.yarnpkg.com/@formatjs/intl-datetimeformat/-/intl-datetimeformat-2.7.0.tgz#058ad20dcfaf49e43ca07de12cd69fd11bb520dc"
  integrity sha512-UVrakns0gN0YfUuLkL83hqv9GMmYuD1EjpqYjx1Tz+Jgmsteh+sV3S0LnKD9uylwR0NSQ3SbGcwUUNgIeaBwGw==
  dependencies:
    "@formatjs/ecma402-abstract" "^1.2.6"
    tslib "^2.0.1"

tslib@^2.0.1:
  version "2.0.2"
  resolved "https://registry.yarnpkg.com/tslib/-/tslib-2.0.2.tgz#462295631185db44b21b1ea3615b63cd1c038242"
  integrity sha512-wAH28hcEKwna96/UacuWaVspVLkg4x1aDM9JlzqaQTOFczCktkVAb5fmXChgandR1EraDPs2w8P+ozM+oafwxg==
