# THIS IS AN AUTOGENERATED FILE. DO NOT EDIT THIS FILE DIRECTLY.
# yarn lockfile v1


"@formatjs/ecma402-abstract@1.7.1":
  version "1.7.1"
  resolved "https://registry.yarnpkg.com/@formatjs/ecma402-abstract/-/ecma402-abstract-1.7.1.tgz#1459a9dad654d5d5ec34765965b8e4f22ad6ff81"
  integrity sha512-FjewVLB2DVEVCvvC7IMffzXVhysvi442i6ed0H7qcrT6xtUpO4vr0oZgpOmsv6D9I4Io0GVebIuySwteS/k3gg==
  dependencies:
    tslib "^2.1.0"

"@formatjs/intl-datetimeformat@4.0.0":
  version "4.0.0"
  resolved "https://registry.yarnpkg.com/@formatjs/intl-datetimeformat/-/intl-datetimeformat-4.0.0.tgz#70b6c9635dc59f29181a3cf70929ea75eceb9aad"
  integrity sha512-X/odmTSvTPsua1E2+RJGGfJEXP2y5euiMNBqP6o4gYy1deoOJR93tP/WI+ZAps4N5DP/IOXqY+KXGIsLIeVkgQ==
  dependencies:
    "@formatjs/ecma402-abstract" "1.7.1"
    tslib "^2.1.0"

tslib@^2.1.0:
  version "2.2.0"
  resolved "https://registry.yarnpkg.com/tslib/-/tslib-2.2.0.tgz#fb2c475977e35e241311ede2693cee1ec6698f5c"
  integrity sha512-gS9GVHRU+RGn5KQM2rllAlR3dU6m7AcpJKdtH8gFvQiC4Otgk98XnmMU+nZenHt/+VhnBPWwgrJsyrdcw6i23w==
