# THIS IS AN AUTOGENERATED FILE. DO NOT EDIT THIS FILE DIRECTLY.
# yarn lockfile v1


"@formatjs/ecma402-abstract@1.11.3":
  version "1.11.3"
  resolved "https://registry.yarnpkg.com/@formatjs/ecma402-abstract/-/ecma402-abstract-1.11.3.tgz#f25276dfd4ef3dac90da667c3961d8aa9732e384"
  integrity sha512-kP/Buv5vVFMAYLHNvvUzr0lwRTU0u2WTy44Tqwku1X3C3lJ5dKqDCYVqA8wL+Y19Bq+MwHgxqd5FZJRCIsLRyQ==
  dependencies:
    "@formatjs/intl-localematcher" "0.2.24"
    tslib "^2.1.0"

"@formatjs/intl-listformat@^6.5.0":
  version "6.5.2"
  resolved "https://registry.yarnpkg.com/@formatjs/intl-listformat/-/intl-listformat-6.5.2.tgz#7fbc310db89e866250e34084e914894c67e09254"
  integrity sha512-/IYagQJkzTvpBlhhaysGYNgM3o72WBg1ZWZcpookkgXEJbINwLP5kVagHxmgxffYKs1CDzQ8rmKHghu2qR/7zw==
  dependencies:
    "@formatjs/ecma402-abstract" "1.11.3"
    "@formatjs/intl-localematcher" "0.2.24"
    tslib "^2.1.0"

"@formatjs/intl-localematcher@0.2.24":
  version "0.2.24"
  resolved "https://registry.yarnpkg.com/@formatjs/intl-localematcher/-/intl-localematcher-0.2.24.tgz#b49fd753c0f54421f26a3c1d0e9cf98a3966e78f"
  integrity sha512-K/HRGo6EMnCbhpth/y3u4rW4aXkmQNqRe1L2G+Y5jNr3v0gYhvaucV8WixNju/INAMbPBlbsRBRo/nfjnoOnxQ==
  dependencies:
    tslib "^2.1.0"

tslib@^2.1.0:
  version "2.3.1"
  resolved "https://registry.yarnpkg.com/tslib/-/tslib-2.3.1.tgz#e8a335add5ceae51aa261d32a490158ef042ef01"
  integrity sha512-77EbyPPpMz+FRFRuAFlWMtmgUWGe9UOG2Z25NqCwiIjRhOf5iKGuzSe5P2w1laq+FkRy4p+PCuVkJSGkzTEKVw==
