# THIS IS AN AUTOGENERATED FILE. DO NOT EDIT THIS FILE DIRECTLY.
# yarn lockfile v1


"@formatjs/ecma402-abstract@1.5.1":
  version "1.5.1"
  resolved "https://registry.yarnpkg.com/@formatjs/ecma402-abstract/-/ecma402-abstract-1.5.1.tgz#629324d2bfdc570ed210fec7700ce20bbd872bed"
  integrity sha512-io9XhgIpEbc6jSdn4QVnJeFaUzy6gS5fGiIRCUJ7QKqCNp69JS8EJPW8gCtvwz+JQtx2SJvhaMJbzz3rGkTXBA==
  dependencies:
    tslib "^2.0.1"

"@formatjs/intl-listformat@^5.0.0":
  version "5.0.4"
  resolved "https://registry.yarnpkg.com/@formatjs/intl-listformat/-/intl-listformat-5.0.4.tgz#32b43257a4757ceab93d469c94f0fd067b302668"
  integrity sha512-0DQ2NF1PmO3+mvZp4V/SPNk7kUaLDcZR3eWbN8cGvSafWOrcv1iEcTXOd8ow8u9OA0gBTWwgPDcQFn7W0mU8kw==
  dependencies:
    "@formatjs/ecma402-abstract" "1.5.1"
    tslib "^2.0.1"

tslib@^2.0.1:
  version "2.1.0"
  resolved "https://registry.yarnpkg.com/tslib/-/tslib-2.1.0.tgz#da60860f1c2ecaa5703ab7d39bc05b6bf988b97a"
  integrity sha512-hcVC3wYEziELGGmEEXue7D75zbwIIVUMWAVbHItGPx0ziyXxrOMQx4rQEVEV45Ut/1IotuEvwqPopzIOkDMf0A==
