# THIS IS AN AUTOGENERATED FILE. DO NOT EDIT THIS FILE DIRECTLY.
# yarn lockfile v1


"@formatjs/ecma402-abstract@^1.2.4":
  version "1.2.4"
  resolved "https://registry.yarnpkg.com/@formatjs/ecma402-abstract/-/ecma402-abstract-1.2.4.tgz#0f11e0309bc885d53ddc823e36d04d520fda7674"
  integrity sha512-5XEuvm+bImBmSFlhbE9FeRQKXWtpt+WIYRsma96bneoNMnUMeCADHJxNNSA5JSY4TlrjVZFHW3jE4HYm10bLbA==
  dependencies:
    tslib "^2.0.1"

"@formatjs/intl-displaynames@^3.0.0":
  version "3.3.11"
  resolved "https://registry.yarnpkg.com/@formatjs/intl-displaynames/-/intl-displaynames-3.3.11.tgz#433fc8cdc1c5d655b1e016122d33356ef621fa0b"
  integrity sha512-GwcUOt8XbThNlGG7w8T2rJVCJD/ZgLKV+RbY2QnAw7d2S4Z6b7aRfHjZvs6ZSrHNTazTqkI/rz0yvufQJEkfLQ==
  dependencies:
    "@formatjs/ecma402-abstract" "^1.2.4"
    tslib "^2.0.1"

tslib@^2.0.1:
  version "2.0.2"
  resolved "https://registry.yarnpkg.com/tslib/-/tslib-2.0.2.tgz#462295631185db44b21b1ea3615b63cd1c038242"
  integrity sha512-wAH28hcEKwna96/UacuWaVspVLkg4x1aDM9JlzqaQTOFczCktkVAb5fmXChgandR1EraDPs2w8P+ozM+oafwxg==
