# THIS IS AN AUTOGENERATED FILE. DO NOT EDIT THIS FILE DIRECTLY.
# yarn lockfile v1


"@formatjs/ecma402-abstract@^1.2.4":
  version "1.2.4"
  resolved "https://registry.yarnpkg.com/@formatjs/ecma402-abstract/-/ecma402-abstract-1.2.4.tgz#0f11e0309bc885d53ddc823e36d04d520fda7674"
  integrity sha512-5XEuvm+bImBmSFlhbE9FeRQKXWtpt+WIYRsma96bneoNMnUMeCADHJxNNSA5JSY4TlrjVZFHW3jE4HYm10bLbA==
  dependencies:
    tslib "^2.0.1"

"@formatjs/intl-relativetimeformat@^7.0.0":
  version "7.2.9"
  resolved "https://registry.yarnpkg.com/@formatjs/intl-relativetimeformat/-/intl-relativetimeformat-7.2.9.tgz#054c1c49cbd1c4f437763583c916579b1822c03e"
  integrity sha512-hFVhXeo+/zg2z0t7xcSZRAOQ5oO5NKoDjUNG/pQpJH+yUfqfFxkU1W1KFEV+bnwJaoUf6OQjEeoR6bgN/N1y1w==
  dependencies:
    "@formatjs/ecma402-abstract" "^1.2.4"
    tslib "^2.0.1"

tslib@^2.0.1:
  version "2.0.2"
  resolved "https://registry.yarnpkg.com/tslib/-/tslib-2.0.2.tgz#462295631185db44b21b1ea3615b63cd1c038242"
  integrity sha512-wAH28hcEKwna96/UacuWaVspVLkg4x1aDM9JlzqaQTOFczCktkVAb5fmXChgandR1EraDPs2w8P+ozM+oafwxg==
