# THIS IS AN AUTOGENERATED FILE. DO NOT EDIT THIS FILE DIRECTLY.
# yarn lockfile v1


"@formatjs/ecma402-abstract@1.5.0":
  version "1.5.0"
  resolved "https://registry.yarnpkg.com/@formatjs/ecma402-abstract/-/ecma402-abstract-1.5.0.tgz#759c8f11ff45e96f8fb58741e7fbdb41096d5ddd"
  integrity sha512-wXv36yo+mfWllweN0Fq7sUs7PUiNopn7I0JpLTe3hGu6ZMR4CV7LqK1llhB18pndwpKoafQKb1et2DCJAOW20Q==
  dependencies:
    tslib "^2.0.1"

"@formatjs/intl-relativetimeformat@^8.0.0":
  version "8.0.0"
  resolved "https://registry.yarnpkg.com/@formatjs/intl-relativetimeformat/-/intl-relativetimeformat-8.0.0.tgz#e7234f165932a22ca6faf015b53bf7a53dbe5350"
  integrity sha512-GKJvd2+Sx0BJqsKt2rBbkgGAwfBjKVnvlRTZQ+OhgSEOeRBHOtaub1jUx8ScQoS5Xe0RFLvTLL2LSnajg6EXkw==
  dependencies:
    "@formatjs/ecma402-abstract" "1.5.0"
    tslib "^2.0.1"

tslib@^2.0.1:
  version "2.0.3"
  resolved "https://registry.yarnpkg.com/tslib/-/tslib-2.0.3.tgz#8e0741ac45fc0c226e58a17bfc3e64b9bc6ca61c"
  integrity sha512-uZtkfKblCEQtZKBF6EBXVZeQNl82yqtDQdv+eck8u7tdPxjLu2/lp5/uPW+um2tpuxINHWy3GhiccY7QgEaVHQ==
