# THIS IS AN AUTOGENERATED FILE. DO NOT EDIT THIS FILE DIRECTLY.
# yarn lockfile v1


"@formatjs/ecma402-abstract@^1.2.6":
  version "1.2.6"
  resolved "https://registry.yarnpkg.com/@formatjs/ecma402-abstract/-/ecma402-abstract-1.2.6.tgz#8929525dcb49af31f348fcb4789263743872b57f"
  integrity sha512-5/wUWuOFEaZeHhDvc+xgkFZxjYcij9/CjyUHngTfWhx+NwYqo8/xusVYv9SnTYDHAahek3OSCP93tzcv4M+7Xw==
  dependencies:
    tslib "^2.0.1"

"@formatjs/intl-pluralrules@^3.0.0":
  version "3.5.0"
  resolved "https://registry.yarnpkg.com/@formatjs/intl-pluralrules/-/intl-pluralrules-3.5.0.tgz#9d75226526112cc1a5356c0b19114524e309a1de"
  integrity sha512-Q6tiuouWF6RgsHp7qBlW3RBsrfYoBtgFX/1g96CDr/Bcao/39Ph7d/clx/exe0Sbt2m+3KlXz8jiKiQIw1yQNA==
  dependencies:
    "@formatjs/ecma402-abstract" "^1.2.6"
    tslib "^2.0.1"

tslib@^2.0.1:
  version "2.0.3"
  resolved "https://registry.yarnpkg.com/tslib/-/tslib-2.0.3.tgz#8e0741ac45fc0c226e58a17bfc3e64b9bc6ca61c"
  integrity sha512-uZtkfKblCEQtZKBF6EBXVZeQNl82yqtDQdv+eck8u7tdPxjLu2/lp5/uPW+um2tpuxINHWy3GhiccY7QgEaVHQ==
